Microsoft Visual Studio Solution File, Format Version 12.00
# Visual Studio Version 17
VisualStudioVersion = 17.5.2.0
MinimumVisualStudioVersion = 10.0.40219.1
Project("{FAE04EC0-301F-11D3-BF4B-00C04F79EFBC}") = "TaskDemoApp", "TaskDemoApp.csproj", "{E87FE5F9-BB81-FE4D-7CCA-C30A477289A5}"
EndProject
Global
	GlobalSection(SolutionConfigurationPlatforms) = preSolution
		Debug|Any CPU = Debug|Any CPU
		Release|Any CPU = Release|Any CPU
	EndGlobalSection
	GlobalSection(ProjectConfigurationPlatforms) = postSolution
		{E87FE5F9-BB81-FE4D-7CCA-C30A477289A5}.Debug|Any CPU.ActiveCfg = Debug|Any CPU
		{E87FE5F9-BB81-FE4D-7CCA-C30A477289A5}.Debug|Any CPU.Build.0 = Debug|Any CPU
		{E87FE5F9-BB81-FE4D-7CCA-C30A477289A5}.Release|Any CPU.ActiveCfg = Release|Any CPU
		{E87FE5F9-BB81-FE4D-7CCA-C30A477289A5}.Release|Any CPU.Build.0 = Release|Any CPU
	EndGlobalSection
	GlobalSection(SolutionProperties) = preSolution
		HideSolutionNode = FALSE
	EndGlobalSection
	GlobalSection(ExtensibilityGlobals) = postSolution
		SolutionGuid = {B5969C52-7C5A-4B7C-A7EB-88EE941345C1}
	EndGlobalSection
EndGlobal
